
Microsoft Visual Studio Solution File, Format Version 12.00
# Visual Studio Version 17
VisualStudioVersion = 17.3.32922.545
MinimumVisualStudioVersion = 10.0.40219.1
Project("{FAE04EC0-301F-11D3-BF4B-00C04F79EFBC}") = "dllLIB", "dllLIB\dllLIB.csproj", "{A7AD466C-FD7C-4068-A25C-7821ECB5883A}"
EndProject
Global
	GlobalSection(SolutionConfigurationPlatforms) = preSolution
		Debug|Any CPU = Debug|Any CPU
		Release|Any CPU = Release|Any CPU
	EndGlobalSection
	GlobalSection(ProjectConfigurationPlatforms) = postSolution
		{A7AD466C-FD7C-4068-A25C-7821ECB5883A}.Debug|Any CPU.ActiveCfg = Debug|Any CPU
		{A7AD466C-FD7C-4068-A25C-7821ECB5883A}.Debug|Any CPU.Build.0 = Debug|Any CPU
		{A7AD466C-FD7C-4068-A25C-7821ECB5883A}.Release|Any CPU.ActiveCfg = Release|Any CPU
		{A7AD466C-FD7C-4068-A25C-7821ECB5883A}.Release|Any CPU.Build.0 = Release|Any CPU
	EndGlobalSection
	GlobalSection(SolutionProperties) = preSolution
		HideSolutionNode = FALSE
	EndGlobalSection
	GlobalSection(ExtensibilityGlobals) = postSolution
		SolutionGuid = {5598DB2A-6003-477B-80E3-2CBEBD350F9C}
	EndGlobalSection
EndGlobal
